// !$*UTF8*$!
{
	archiveVersion = 1;
	classes = {
	};
	objectVersion = 50;
	objects = {

/* Begin PBXBuildFile section */
		8BC9BFF5261EF5F200CAE944 /* AppDelegate.swift in Sources */ = {isa = PBXBuildFile; fileRef = 8BC9BFF4261EF5F200CAE944 /* AppDelegate.swift */; };
		8BC9BFF7261EF5F200CAE944 /* SceneDelegate.swift in Sources */ = {isa = PBXBuildFile; fileRef = 8BC9BFF6261EF5F200CAE944 /* SceneDelegate.swift */; };
		8BC9BFF9261EF5F200CAE944 /* ViewController.swift in Sources */ = {isa = PBXBuildFile; fileRef = 8BC9BFF8261EF5F200CAE944 /* ViewController.swift */; };
		8BC9BFFE261EF5F400CAE944 /* Assets.xcassets in Resources */ = {isa = PBXBuildFile; fileRef = 8BC9BFFD261EF5F400CAE944 /* Assets.xcassets */; };
		8BC9C001261EF5F400CAE944 /* LaunchScreen.storyboard in Resources */ = {isa = PBXBuildFile; fileRef = 8BC9BFFF261EF5F400CAE944 /* LaunchScreen.storyboard */; };
		8BC9C00B261EF68700CAE944 /* AnimePlayer.storyboard in Resources */ = {isa = PBXBuildFile; fileRef = 8BC9C00A261EF68700CAE944 /* AnimePlayer.storyboard */; };
		8BC9C010261EFBBC00CAE944 /* Main.storyboard in Resources */ = {isa = PBXBuildFile; fileRef = 8BC9C012261EFBBC00CAE944 /* Main.storyboard */; };
		8BC9C016261F000000CAE944 /* FeaturedAnimeTableViewCell.swift in Sources */ = {isa = PBXBuildFile; fileRef = 8BC9C015261F000000CAE944 /* FeaturedAnimeTableViewCell.swift */; };
		8BC9C01B261FD9FD00CAE944 /* String+IntregerRangeSubstring.swift in Sources */ = {isa = PBXBuildFile; fileRef = 8BC9C01A261FD9FD00CAE944 /* String+IntregerRangeSubstring.swift */; };
		8BC9C01E261FDCDD00CAE944 /* FeaturedAnimationView.swift in Sources */ = {isa = PBXBuildFile; fileRef = 8BC9C01D261FDCDD00CAE944 /* FeaturedAnimationView.swift */; };
		8BC9C022261FDD8B00CAE944 /* UIView+BackgroundShadow.swift in Sources */ = {isa = PBXBuildFile; fileRef = 8BC9C021261FDD8B00CAE944 /* UIView+BackgroundShadow.swift */; };
		8BC9C028261FE05600CAE944 /* NineAnimator.swift in Sources */ = {isa = PBXBuildFile; fileRef = 8BC9C027261FE05600CAE944 /* NineAnimator.swift */; };
		8BC9C02B261FE0C400CAE944 /* NineAnimatePath.swift in Sources */ = {isa = PBXBuildFile; fileRef = 8BC9C02A261FE0C400CAE944 /* NineAnimatePath.swift */; };
		8BC9C02E261FE3E500CAE944 /* AnimeLink.swift in Sources */ = {isa = PBXBuildFile; fileRef = 8BC9C02D261FE3E500CAE944 /* AnimeLink.swift */; };
		8BC9C031261FE40B00CAE944 /* FeaturedAnimePage.swift in Sources */ = {isa = PBXBuildFile; fileRef = 8BC9C030261FE40B00CAE944 /* FeaturedAnimePage.swift */; };
		8BC9C035261FE5BA00CAE944 /* FeaturedViewController.swift in Sources */ = {isa = PBXBuildFile; fileRef = 8BC9C034261FE5BA00CAE944 /* FeaturedViewController.swift */; };
/* End PBXBuildFile section */

/* Begin PBXFileReference section */
		8BC9BFF1261EF5F200CAE944 /* studynineanimator.app */ = {isa = PBXFileReference; explicitFileType = wrapper.application; includeInIndex = 0; path = studynineanimator.app; sourceTree = BUILT_PRODUCTS_DIR; };
		8BC9BFF4261EF5F200CAE944 /* AppDelegate.swift */ = {isa = PBXFileReference; lastKnownFileType = sourcecode.swift; path = AppDelegate.swift; sourceTree = "<group>"; };
		8BC9BFF6261EF5F200CAE944 /* SceneDelegate.swift */ = {isa = PBXFileReference; lastKnownFileType = sourcecode.swift; path = SceneDelegate.swift; sourceTree = "<group>"; };
		8BC9BFF8261EF5F200CAE944 /* ViewController.swift */ = {isa = PBXFileReference; lastKnownFileType = sourcecode.swift; path = ViewController.swift; sourceTree = "<group>"; };
		8BC9BFFD261EF5F400CAE944 /* Assets.xcassets */ = {isa = PBXFileReference; lastKnownFileType = folder.assetcatalog; path = Assets.xcassets; sourceTree = "<group>"; };
		8BC9C000261EF5F400CAE944 /* Base */ = {isa = PBXFileReference; lastKnownFileType = file.storyboard; name = Base; path = Base.lproj/LaunchScreen.storyboard; sourceTree = "<group>"; };
		8BC9C002261EF5F400CAE944 /* Info.plist */ = {isa = PBXFileReference; lastKnownFileType = text.plist.xml; path = Info.plist; sourceTree = "<group>"; };
		8BC9C00A261EF68700CAE944 /* AnimePlayer.storyboard */ = {isa = PBXFileReference; lastKnownFileType = file.storyboard; path = AnimePlayer.storyboard; sourceTree = "<group>"; };
		8BC9C011261EFBBC00CAE944 /* Base */ = {isa = PBXFileReference; lastKnownFileType = file.storyboard; name = Base; path = Base.lproj/Main.storyboard; sourceTree = "<group>"; };
		8BC9C015261F000000CAE944 /* FeaturedAnimeTableViewCell.swift */ = {isa = PBXFileReference; lastKnownFileType = sourcecode.swift; path = FeaturedAnimeTableViewCell.swift; sourceTree = "<group>"; };
		8BC9C01A261FD9FD00CAE944 /* String+IntregerRangeSubstring.swift */ = {isa = PBXFileReference; lastKnownFileType = sourcecode.swift; path = "String+IntregerRangeSubstring.swift"; sourceTree = "<group>"; };
		8BC9C01D261FDCDD00CAE944 /* FeaturedAnimationView.swift */ = {isa = PBXFileReference; lastKnownFileType = sourcecode.swift; path = FeaturedAnimationView.swift; sourceTree = "<group>"; };
		8BC9C021261FDD8B00CAE944 /* UIView+BackgroundShadow.swift */ = {isa = PBXFileReference; lastKnownFileType = sourcecode.swift; path = "UIView+BackgroundShadow.swift"; sourceTree = "<group>"; };
		8BC9C027261FE05600CAE944 /* NineAnimator.swift */ = {isa = PBXFileReference; lastKnownFileType = sourcecode.swift; path = NineAnimator.swift; sourceTree = "<group>"; };
		8BC9C02A261FE0C400CAE944 /* NineAnimatePath.swift */ = {isa = PBXFileReference; lastKnownFileType = sourcecode.swift; path = NineAnimatePath.swift; sourceTree = "<group>"; };
		8BC9C02D261FE3E500CAE944 /* AnimeLink.swift */ = {isa = PBXFileReference; lastKnownFileType = sourcecode.swift; path = AnimeLink.swift; sourceTree = "<group>"; };
		8BC9C030261FE40B00CAE944 /* FeaturedAnimePage.swift */ = {isa = PBXFileReference; lastKnownFileType = sourcecode.swift; path = FeaturedAnimePage.swift; sourceTree = "<group>"; };
		8BC9C034261FE5BA00CAE944 /* FeaturedViewController.swift */ = {isa = PBXFileReference; lastKnownFileType = sourcecode.swift; path = FeaturedViewController.swift; sourceTree = "<group>"; };
/* End PBXFileReference section */

/* Begin PBXFrameworksBuildPhase section */
		8BC9BFEE261EF5F200CAE944 /* Frameworks */ = {
			isa = PBXFrameworksBuildPhase;
			buildActionMask = 2147483647;
			files = (
			);
			runOnlyForDeploymentPostprocessing = 0;
		};
/* End PBXFrameworksBuildPhase section */

/* Begin PBXGroup section */
		8BC9BFE8261EF5F200CAE944 = {
			isa = PBXGroup;
			children = (
				8BC9C019261FD9B200CAE944 /* Utilities */,
				8BC9C014261EFFEA00CAE944 /* Views */,
				8BC9C026261FE04400CAE944 /* Models */,
				8BC9C033261FE5A100CAE944 /* Controller */,
				8BC9C009261EF66A00CAE944 /* Storyboards */,
				8BC9BFF3261EF5F200CAE944 /* studynineanimator */,
				8BC9BFF2261EF5F200CAE944 /* Products */,
			);
			sourceTree = "<group>";
		};
		8BC9BFF2261EF5F200CAE944 /* Products */ = {
			isa = PBXGroup;
			children = (
				8BC9BFF1261EF5F200CAE944 /* studynineanimator.app */,
			);
			name = Products;
			sourceTree = "<group>";
		};
		8BC9BFF3261EF5F200CAE944 /* studynineanimator */ = {
			isa = PBXGroup;
			children = (
				8BC9BFF4261EF5F200CAE944 /* AppDelegate.swift */,
				8BC9BFF6261EF5F200CAE944 /* SceneDelegate.swift */,
				8BC9BFF8261EF5F200CAE944 /* ViewController.swift */,
				8BC9BFFD261EF5F400CAE944 /* Assets.xcassets */,
				8BC9BFFF261EF5F400CAE944 /* LaunchScreen.storyboard */,
				8BC9C002261EF5F400CAE944 /* Info.plist */,
			);
			path = studynineanimator;
			sourceTree = "<group>";
		};
		8BC9C009261EF66A00CAE944 /* Storyboards */ = {
			isa = PBXGroup;
			children = (
				8BC9C00A261EF68700CAE944 /* AnimePlayer.storyboard */,
				8BC9C012261EFBBC00CAE944 /* Main.storyboard */,
			);
			path = Storyboards;
			sourceTree = "<group>";
		};
		8BC9C014261EFFEA00CAE944 /* Views */ = {
			isa = PBXGroup;
			children = (
				8BC9C01D261FDCDD00CAE944 /* FeaturedAnimationView.swift */,
				8BC9C015261F000000CAE944 /* FeaturedAnimeTableViewCell.swift */,
				8BC9C021261FDD8B00CAE944 /* UIView+BackgroundShadow.swift */,
			);
			path = Views;
			sourceTree = "<group>";
		};
		8BC9C019261FD9B200CAE944 /* Utilities */ = {
			isa = PBXGroup;
			children = (
				8BC9C01A261FD9FD00CAE944 /* String+IntregerRangeSubstring.swift */,
			);
			path = Utilities;
			sourceTree = "<group>";
		};
		8BC9C026261FE04400CAE944 /* Models */ = {
			isa = PBXGroup;
			children = (
				8BC9C027261FE05600CAE944 /* NineAnimator.swift */,
				8BC9C02A261FE0C400CAE944 /* NineAnimatePath.swift */,
				8BC9C02D261FE3E500CAE944 /* AnimeLink.swift */,
				8BC9C030261FE40B00CAE944 /* FeaturedAnimePage.swift */,
			);
			path = Models;
			sourceTree = "<group>";
		};
		8BC9C033261FE5A100CAE944 /* Controller */ = {
			isa = PBXGroup;
			children = (
				8BC9C034261FE5BA00CAE944 /* FeaturedViewController.swift */,
			);
			path = Controller;
			sourceTree = "<group>";
		};
/* End PBXGroup section */

/* Begin PBXNativeTarget section */
		8BC9BFF0261EF5F200CAE944 /* studynineanimator */ = {
			isa = PBXNativeTarget;
			buildConfigurationList = 8BC9C005261EF5F400CAE944 /* Build configuration list for PBXNativeTarget "studynineanimator" */;
			buildPhases = (
				8BC9BFED261EF5F200CAE944 /* Sources */,
				8BC9BFEE261EF5F200CAE944 /* Frameworks */,
				8BC9BFEF261EF5F200CAE944 /* Resources */,
			);
			buildRules = (
			);
			dependencies = (
			);
			name = studynineanimator;
			productName = studynineanimator;
			productReference = 8BC9BFF1261EF5F200CAE944 /* studynineanimator.app */;
			productType = "com.apple.product-type.application";
		};
/* End PBXNativeTarget section */

/* Begin PBXProject section */
		8BC9BFE9261EF5F200CAE944 /* Project object */ = {
			isa = PBXProject;
			attributes = {
				LastSwiftUpdateCheck = 1240;
				LastUpgradeCheck = 1240;
				TargetAttributes = {
					8BC9BFF0261EF5F200CAE944 = {
						CreatedOnToolsVersion = 12.4;
					};
				};
			};
			buildConfigurationList = 8BC9BFEC261EF5F200CAE944 /* Build configuration list for PBXProject "studynineanimator" */;
			compatibilityVersion = "Xcode 9.3";
			developmentRegion = en;
			hasScannedForEncodings = 0;
			knownRegions = (
				en,
				Base,
			);
			mainGroup = 8BC9BFE8261EF5F200CAE944;
			productRefGroup = 8BC9BFF2261EF5F200CAE944 /* Products */;
			projectDirPath = "";
			projectRoot = "";
			targets = (
				8BC9BFF0261EF5F200CAE944 /* studynineanimator */,
			);
		};
/* End PBXProject section */

/* Begin PBXResourcesBuildPhase section */
		8BC9BFEF261EF5F200CAE944 /* Resources */ = {
			isa = PBXResourcesBuildPhase;
			buildActionMask = 2147483647;
			files = (
				8BC9C00B261EF68700CAE944 /* AnimePlayer.storyboard in Resources */,
				8BC9C010261EFBBC00CAE944 /* Main.storyboard in Resources */,
				8BC9C001261EF5F400CAE944 /* LaunchScreen.storyboard in Resources */,
				8BC9BFFE261EF5F400CAE944 /* Assets.xcassets in Resources */,
			);
			runOnlyForDeploymentPostprocessing = 0;
		};
/* End PBXResourcesBuildPhase section */

/* Begin PBXSourcesBuildPhase section */
		8BC9BFED261EF5F200CAE944 /* Sources */ = {
			isa = PBXSourcesBuildPhase;
			buildActionMask = 2147483647;
			files = (
				8BC9C016261F000000CAE944 /* FeaturedAnimeTableViewCell.swift in Sources */,
				8BC9C035261FE5BA00CAE944 /* FeaturedViewController.swift in Sources */,
				8BC9BFF9261EF5F200CAE944 /* ViewController.swift in Sources */,
				8BC9C028261FE05600CAE944 /* NineAnimator.swift in Sources */,
				8BC9C031261FE40B00CAE944 /* FeaturedAnimePage.swift in Sources */,
				8BC9BFF5261EF5F200CAE944 /* AppDelegate.swift in Sources */,
				8BC9C02E261FE3E500CAE944 /* AnimeLink.swift in Sources */,
				8BC9C02B261FE0C400CAE944 /* NineAnimatePath.swift in Sources */,
				8BC9C022261FDD8B00CAE944 /* UIView+BackgroundShadow.swift in Sources */,
				8BC9C01B261FD9FD00CAE944 /* String+IntregerRangeSubstring.swift in Sources */,
				8BC9BFF7261EF5F200CAE944 /* SceneDelegate.swift in Sources */,
				8BC9C01E261FDCDD00CAE944 /* FeaturedAnimationView.swift in Sources */,
			);
			runOnlyForDeploymentPostprocessing = 0;
		};
/* End PBXSourcesBuildPhase section */

/* Begin PBXVariantGroup section */
		8BC9BFFF261EF5F400CAE944 /* LaunchScreen.storyboard */ = {
			isa = PBXVariantGroup;
			children = (
				8BC9C000261EF5F400CAE944 /* Base */,
			);
			name = LaunchScreen.storyboard;
			sourceTree = "<group>";
		};
		8BC9C012261EFBBC00CAE944 /* Main.storyboard */ = {
			isa = PBXVariantGroup;
			children = (
				8BC9C011261EFBBC00CAE944 /* Base */,
			);
			name = Main.storyboard;
			sourceTree = "<group>";
		};
/* End PBXVariantGroup section */

/* Begin XCBuildConfiguration section */
		8BC9C003261EF5F400CAE944 /* Debug */ = {
			isa = XCBuildConfiguration;
			buildSettings = {
				ALWAYS_SEARCH_USER_PATHS = NO;
				CLANG_ANALYZER_NONNULL = YES;
				CLANG_ANALYZER_NUMBER_OBJECT_CONVERSION = YES_AGGRESSIVE;
				CLANG_CXX_LANGUAGE_STANDARD = "gnu++14";
				CLANG_CXX_LIBRARY = "libc++";
				CLANG_ENABLE_MODULES = YES;
				CLANG_ENABLE_OBJC_ARC = YES;
				CLANG_ENABLE_OBJC_WEAK = YES;
				CLANG_WARN_BLOCK_CAPTURE_AUTORELEASING = YES;
				CLANG_WARN_BOOL_CONVERSION = YES;
				CLANG_WARN_COMMA = YES;
				CLANG_WARN_CONSTANT_CONVERSION = YES;
				CLANG_WARN_DEPRECATED_OBJC_IMPLEMENTATIONS = YES;
				CLANG_WARN_DIRECT_OBJC_ISA_USAGE = YES_ERROR;
				CLANG_WARN_DOCUMENTATION_COMMENTS = YES;
				CLANG_WARN_EMPTY_BODY = YES;
				CLANG_WARN_ENUM_CONVERSION = YES;
				CLANG_WARN_INFINITE_RECURSION = YES;
				CLANG_WARN_INT_CONVERSION = YES;
				CLANG_WARN_NON_LITERAL_NULL_CONVERSION = YES;
				CLANG_WARN_OBJC_IMPLICIT_RETAIN_SELF = YES;
				CLANG_WARN_OBJC_LITERAL_CONVERSION = YES;
				CLANG_WARN_OBJC_ROOT_CLASS = YES_ERROR;
				CLANG_WARN_QUOTED_INCLUDE_IN_FRAMEWORK_HEADER = YES;
				CLANG_WARN_RANGE_LOOP_ANALYSIS = YES;
				CLANG_WARN_STRICT_PROTOTYPES = YES;
				CLANG_WARN_SUSPICIOUS_MOVE = YES;
				CLANG_WARN_UNGUARDED_AVAILABILITY = YES_AGGRESSIVE;
				CLANG_WARN_UNREACHABLE_CODE = YES;
				CLANG_WARN__DUPLICATE_METHOD_MATCH = YES;
				COPY_PHASE_STRIP = NO;
				DEBUG_INFORMATION_FORMAT = dwarf;
				ENABLE_STRICT_OBJC_MSGSEND = YES;
				ENABLE_TESTABILITY = YES;
				GCC_C_LANGUAGE_STANDARD = gnu11;
				GCC_DYNAMIC_NO_PIC = NO;
				GCC_NO_COMMON_BLOCKS = YES;
				GCC_OPTIMIZATION_LEVEL = 0;
				GCC_PREPROCESSOR_DEFINITIONS = (
					"DEBUG=1",
					"$(inherited)",
				);
				GCC_WARN_64_TO_32_BIT_CONVERSION = YES;
				GCC_WARN_ABOUT_RETURN_TYPE = YES_ERROR;
				GCC_WARN_UNDECLARED_SELECTOR = YES;
				GCC_WARN_UNINITIALIZED_AUTOS = YES_AGGRESSIVE;
				GCC_WARN_UNUSED_FUNCTION = YES;
				GCC_WARN_UNUSED_VARIABLE = YES;
				IPHONEOS_DEPLOYMENT_TARGET = 14.4;
				MTL_ENABLE_DEBUG_INFO = INCLUDE_SOURCE;
				MTL_FAST_MATH = YES;
				ONLY_ACTIVE_ARCH = YES;
				SDKROOT = iphoneos;
				SWIFT_ACTIVE_COMPILATION_CONDITIONS = DEBUG;
				SWIFT_OPTIMIZATION_LEVEL = "-Onone";
			};
			name = Debug;
		};
		8BC9C004261EF5F400CAE944 /* Release */ = {
			isa = XCBuildConfiguration;
			buildSettings = {
				ALWAYS_SEARCH_USER_PATHS = NO;
				CLANG_ANALYZER_NONNULL = YES;
				CLANG_ANALYZER_NUMBER_OBJECT_CONVERSION = YES_AGGRESSIVE;
				CLANG_CXX_LANGUAGE_STANDARD = "gnu++14";
				CLANG_CXX_LIBRARY = "libc++";
				CLANG_ENABLE_MODULES = YES;
				CLANG_ENABLE_OBJC_ARC = YES;
				CLANG_ENABLE_OBJC_WEAK = YES;
				CLANG_WARN_BLOCK_CAPTURE_AUTORELEASING = YES;
				CLANG_WARN_BOOL_CONVERSION = YES;
				CLANG_WARN_COMMA = YES;
				CLANG_WARN_CONSTANT_CONVERSION = YES;
				CLANG_WARN_DEPRECATED_OBJC_IMPLEMENTATIONS = YES;
				CLANG_WARN_DIRECT_OBJC_ISA_USAGE = YES_ERROR;
				CLANG_WARN_DOCUMENTATION_COMMENTS = YES;
				CLANG_WARN_EMPTY_BODY = YES;
				CLANG_WARN_ENUM_CONVERSION = YES;
				CLANG_WARN_INFINITE_RECURSION = YES;
				CLANG_WARN_INT_CONVERSION = YES;
				CLANG_WARN_NON_LITERAL_NULL_CONVERSION = YES;
				CLANG_WARN_OBJC_IMPLICIT_RETAIN_SELF = YES;
				CLANG_WARN_OBJC_LITERAL_CONVERSION = YES;
				CLANG_WARN_OBJC_ROOT_CLASS = YES_ERROR;
				CLANG_WARN_QUOTED_INCLUDE_IN_FRAMEWORK_HEADER = YES;
				CLANG_WARN_RANGE_LOOP_ANALYSIS = YES;
				CLANG_WARN_STRICT_PROTOTYPES = YES;
				CLANG_WARN_SUSPICIOUS_MOVE = YES;
				CLANG_WARN_UNGUARDED_AVAILABILITY = YES_AGGRESSIVE;
				CLANG_WARN_UNREACHABLE_CODE = YES;
				CLANG_WARN__DUPLICATE_METHOD_MATCH = YES;
				COPY_PHASE_STRIP = NO;
				DEBUG_INFORMATION_FORMAT = "dwarf-with-dsym";
				ENABLE_NS_ASSERTIONS = NO;
				ENABLE_STRICT_OBJC_MSGSEND = YES;
				GCC_C_LANGUAGE_STANDARD = gnu11;
				GCC_NO_COMMON_BLOCKS = YES;
				GCC_WARN_64_TO_32_BIT_CONVERSION = YES;
				GCC_WARN_ABOUT_RETURN_TYPE = YES_ERROR;
				GCC_WARN_UNDECLARED_SELECTOR = YES;
				GCC_WARN_UNINITIALIZED_AUTOS = YES_AGGRESSIVE;
				GCC_WARN_UNUSED_FUNCTION = YES;
				GCC_WARN_UNUSED_VARIABLE = YES;
				IPHONEOS_DEPLOYMENT_TARGET = 14.4;
				MTL_ENABLE_DEBUG_INFO = NO;
				MTL_FAST_MATH = YES;
				SDKROOT = iphoneos;
				SWIFT_COMPILATION_MODE = wholemodule;
				SWIFT_OPTIMIZATION_LEVEL = "-O";
				VALIDATE_PRODUCT = YES;
			};
			name = Release;
		};
		8BC9C006261EF5F400CAE944 /* Debug */ = {
			isa = XCBuildConfiguration;
			buildSettings = {
				ASSETCATALOG_COMPILER_APPICON_NAME = AppIcon;
				ASSETCATALOG_COMPILER_GLOBAL_ACCENT_COLOR_NAME = AccentColor;
				CODE_SIGN_STYLE = Automatic;
				DEVELOPMENT_TEAM = 59CT6J5PF6;
				INFOPLIST_FILE = studynineanimator/Info.plist;
				LD_RUNPATH_SEARCH_PATHS = (
					"$(inherited)",
					"@executable_path/Frameworks",
				);
				PRODUCT_BUNDLE_IDENTIFIER = com.zhangyu.studynine.studynineanimator;
				PRODUCT_NAME = "$(TARGET_NAME)";
				SWIFT_VERSION = 5.0;
				TARGETED_DEVICE_FAMILY = "1,2";
			};
			name = Debug;
		};
		8BC9C007261EF5F400CAE944 /* Release */ = {
			isa = XCBuildConfiguration;
			buildSettings = {
				ASSETCATALOG_COMPILER_APPICON_NAME = AppIcon;
				ASSETCATALOG_COMPILER_GLOBAL_ACCENT_COLOR_NAME = AccentColor;
				CODE_SIGN_STYLE = Automatic;
				DEVELOPMENT_TEAM = 59CT6J5PF6;
				INFOPLIST_FILE = studynineanimator/Info.plist;
				LD_RUNPATH_SEARCH_PATHS = (
					"$(inherited)",
					"@executable_path/Frameworks",
				);
				PRODUCT_BUNDLE_IDENTIFIER = com.zhangyu.studynine.studynineanimator;
				PRODUCT_NAME = "$(TARGET_NAME)";
				SWIFT_VERSION = 5.0;
				TARGETED_DEVICE_FAMILY = "1,2";
			};
			name = Release;
		};
/* End XCBuildConfiguration section */

/* Begin XCConfigurationList section */
		8BC9BFEC261EF5F200CAE944 /* Build configuration list for PBXProject "studynineanimator" */ = {
			isa = XCConfigurationList;
			buildConfigurations = (
				8BC9C003261EF5F400CAE944 /* Debug */,
				8BC9C004261EF5F400CAE944 /* Release */,
			);
			defaultConfigurationIsVisible = 0;
			defaultConfigurationName = Release;
		};
		8BC9C005261EF5F400CAE944 /* Build configuration list for PBXNativeTarget "studynineanimator" */ = {
			isa = XCConfigurationList;
			buildConfigurations = (
				8BC9C006261EF5F400CAE944 /* Debug */,
				8BC9C007261EF5F400CAE944 /* Release */,
			);
			defaultConfigurationIsVisible = 0;
			defaultConfigurationName = Release;
		};
/* End XCConfigurationList section */
	};
	rootObject = 8BC9BFE9261EF5F200CAE944 /* Project object */;
}
